{
  "name": "Rural_volunteers",
  "lockfileVersion": 2,
  "requires": true,
  "packages": {
    "": {
      "dependencies": {
        "@vant/weapp": "^1.10.3",
        "js-md5": "^0.7.3"
      }
    },
    "node_modules/@vant/weapp": {
      "version": "1.10.3",
      "resolved": "https://registry.npmmirror.com/@vant/weapp/-/weapp-1.10.3.tgz",
      "integrity": "sha512-CcG5umI+zlJRN6hQXPeknOenPkVm6WBEgBaB6Y94kOmKLx9NHtHBdURwxuJEA4q4mxhUdOuf6sV7I8tZBnCVxw=="
    },
    "node_modules/js-md5": {
      "version": "0.7.3",
      "resolved": "https://registry.npmmirror.com/js-md5/-/js-md5-0.7.3.tgz",
      "integrity": "sha512-ZC41vPSTLKGwIRjqDh8DfXoCrdQIyBgspJVPXHBGu4nZlAEvG3nf+jO9avM9RmLiGakg7vz974ms99nEV0tmTQ=="
    }
  },
  "dependencies": {
    "@vant/weapp": {
      "version": "1.10.3",
      "resolved": "https://registry.npmmirror.com/@vant/weapp/-/weapp-1.10.3.tgz",
      "integrity": "sha512-CcG5umI+zlJRN6hQXPeknOenPkVm6WBEgBaB6Y94kOmKLx9NHtHBdURwxuJEA4q4mxhUdOuf6sV7I8tZBnCVxw=="
    },
    "js-md5": {
      "version": "0.7.3",
      "resolved": "https://registry.npmmirror.com/js-md5/-/js-md5-0.7.3.tgz",
      "integrity": "sha512-ZC41vPSTLKGwIRjqDh8DfXoCrdQIyBgspJVPXHBGu4nZlAEvG3nf+jO9avM9RmLiGakg7vz974ms99nEV0tmTQ=="
    }
  }
}
